{
  "name": "uniswapv3",
  "lockfileVersion": 3,
  "requires": true,
  "packages": {
    "": {
      "dependencies": {
        "@uniswap/v3-core": "github:Uniswap/v3-core"
      }
    },
    "node_modules/@uniswap/v3-core": {
      "version": "1.0.1",
      "resolved": "git+ssh://git@github.com/Uniswap/v3-core.git#d8b1c635c275d2a9450bd6a78f3fa2484fef73eb",
      "license": "BUSL-1.1",
      "engines": {
        "node": ">=10"
      }
    }
  }
}
